
Microsoft Visual Studio Solution File, Format Version 12.00
# Visual Studio 2012
Project("{FAE04EC0-301F-11D3-BF4B-00C04F79EFBC}") = "Clientele.Infrastructure", "Clientele.Infrastructure\Clientele.Infrastructure.csproj", "{25C28EF3-C5AB-45D4-A3B3-A5BB372B64BE}"
EndProject
Project("{FAE04EC0-301F-11D3-BF4B-00C04F79EFBC}") = "Clientele.Core", "Clientele.Core\Clientele.Core.csproj", "{8C83E702-3492-4A63-AF84-208BB7DC434E}"
EndProject
Project("{FAE04EC0-301F-11D3-BF4B-00C04F79EFBC}") = "Clientele.DocumentTracking.DataModel", "Clientele.DocumentTracking.DataModel\Clientele.DocumentTracking.DataModel.csproj", "{E076ED6C-C9DF-4AC3-9BB8-F4D376CE1053}"
EndProject
Project("{FAE04EC0-301F-11D3-BF4B-00C04F79EFBC}") = "DocumentTracking.Presentation.Mvc", "DocumentTracking.Presentation.Mvc\DocumentTracking.Presentation.Mvc.csproj", "{9DCFEBD3-5663-4CF9-9E0E-CD5A361FD936}"
EndProject
Project("{2150E333-8FDC-42A3-9474-1A3956D46DE8}") = ".nuget", ".nuget", "{CCC3A01F-9E32-4BAD-8913-F39B6D446DCB}"
	ProjectSection(SolutionItems) = preProject
		.nuget\NuGet.Config = .nuget\NuGet.Config
		.nuget\NuGet.exe = .nuget\NuGet.exe
		.nuget\NuGet.targets = .nuget\NuGet.targets
	EndProjectSection
EndProject
Project("{FAE04EC0-301F-11D3-BF4B-00C04F79EFBC}") = "Clientele.DocumentTracking.ApplicationService", "Clientele.DocumentTracking.ApplicationService\Clientele.DocumentTracking.ApplicationService.csproj", "{AC032F66-62B4-4026-BBA0-BB6F3A2A9E48}"
EndProject
Project("{FAE04EC0-301F-11D3-BF4B-00C04F79EFBC}") = "Clientele.DocumentTracking.Endpoint", "Clientele.DocumentTracking.Endpoint\Clientele.DocumentTracking.Endpoint.csproj", "{F7B8C8CC-D7A3-4E96-B03E-A8ED2C4BBBEB}"
EndProject
Project("{2150E333-8FDC-42A3-9474-1A3956D46DE8}") = "DocumentTracking", "DocumentTracking", "{5BBE49D6-B5EE-4D19-80A0-8CA9B4AD1CDF}"
EndProject
Project("{2150E333-8FDC-42A3-9474-1A3956D46DE8}") = "Ocr", "Ocr", "{D33AE9CA-CE04-46AB-BE78-558C0E7A592E}"
EndProject
Project("{FAE04EC0-301F-11D3-BF4B-00C04F79EFBC}") = "Clientele.Ocr.Contracts", "Clientele.Ocr.Contracts\Clientele.Ocr.Contracts.csproj", "{AC92B3EB-4116-4886-9370-9AF469482B65}"
EndProject
Project("{FAE04EC0-301F-11D3-BF4B-00C04F79EFBC}") = "Clientele.Ocr.Fake.Shell", "Clientele.Ocr.Fake.Shell\Clientele.Ocr.Fake.Shell.csproj", "{0C710DAF-4D05-491C-939E-FB44C4A6833C}"
EndProject
Project("{FAE04EC0-301F-11D3-BF4B-00C04F79EFBC}") = "Clientele.DocumentTracking.OcrService", "Clientele.DocumentTracking.OcrService\Clientele.DocumentTracking.OcrService.csproj", "{A65A6B85-9C9D-4429-93DF-F9195B1AB81D}"
EndProject
Project("{FAE04EC0-301F-11D3-BF4B-00C04F79EFBC}") = "Clientele.Messaging.DeferrmentService", "Clientele.Messaging.DeferrmentService\Clientele.Messaging.DeferrmentService.csproj", "{186296CD-33AB-4D4C-8624-BA2F6F2D0BEF}"
EndProject
Global
	GlobalSection(SolutionConfigurationPlatforms) = preSolution
		Debug|Any CPU = Debug|Any CPU
		Release|Any CPU = Release|Any CPU
	EndGlobalSection
	GlobalSection(ProjectConfigurationPlatforms) = postSolution
		{25C28EF3-C5AB-45D4-A3B3-A5BB372B64BE}.Debug|Any CPU.ActiveCfg = Debug|Any CPU
		{25C28EF3-C5AB-45D4-A3B3-A5BB372B64BE}.Debug|Any CPU.Build.0 = Debug|Any CPU
		{25C28EF3-C5AB-45D4-A3B3-A5BB372B64BE}.Release|Any CPU.ActiveCfg = Release|Any CPU
		{25C28EF3-C5AB-45D4-A3B3-A5BB372B64BE}.Release|Any CPU.Build.0 = Release|Any CPU
		{8C83E702-3492-4A63-AF84-208BB7DC434E}.Debug|Any CPU.ActiveCfg = Debug|Any CPU
		{8C83E702-3492-4A63-AF84-208BB7DC434E}.Debug|Any CPU.Build.0 = Debug|Any CPU
		{8C83E702-3492-4A63-AF84-208BB7DC434E}.Release|Any CPU.ActiveCfg = Release|Any CPU
		{8C83E702-3492-4A63-AF84-208BB7DC434E}.Release|Any CPU.Build.0 = Release|Any CPU
		{E076ED6C-C9DF-4AC3-9BB8-F4D376CE1053}.Debug|Any CPU.ActiveCfg = Debug|Any CPU
		{E076ED6C-C9DF-4AC3-9BB8-F4D376CE1053}.Debug|Any CPU.Build.0 = Debug|Any CPU
		{E076ED6C-C9DF-4AC3-9BB8-F4D376CE1053}.Release|Any CPU.ActiveCfg = Release|Any CPU
		{E076ED6C-C9DF-4AC3-9BB8-F4D376CE1053}.Release|Any CPU.Build.0 = Release|Any CPU
		{9DCFEBD3-5663-4CF9-9E0E-CD5A361FD936}.Debug|Any CPU.ActiveCfg = Debug|Any CPU
		{9DCFEBD3-5663-4CF9-9E0E-CD5A361FD936}.Debug|Any CPU.Build.0 = Debug|Any CPU
		{9DCFEBD3-5663-4CF9-9E0E-CD5A361FD936}.Release|Any CPU.ActiveCfg = Release|Any CPU
		{9DCFEBD3-5663-4CF9-9E0E-CD5A361FD936}.Release|Any CPU.Build.0 = Release|Any CPU
		{AC032F66-62B4-4026-BBA0-BB6F3A2A9E48}.Debug|Any CPU.ActiveCfg = Debug|Any CPU
		{AC032F66-62B4-4026-BBA0-BB6F3A2A9E48}.Debug|Any CPU.Build.0 = Debug|Any CPU
		{AC032F66-62B4-4026-BBA0-BB6F3A2A9E48}.Release|Any CPU.ActiveCfg = Release|Any CPU
		{AC032F66-62B4-4026-BBA0-BB6F3A2A9E48}.Release|Any CPU.Build.0 = Release|Any CPU
		{F7B8C8CC-D7A3-4E96-B03E-A8ED2C4BBBEB}.Debug|Any CPU.ActiveCfg = Debug|Any CPU
		{F7B8C8CC-D7A3-4E96-B03E-A8ED2C4BBBEB}.Debug|Any CPU.Build.0 = Debug|Any CPU
		{F7B8C8CC-D7A3-4E96-B03E-A8ED2C4BBBEB}.Release|Any CPU.ActiveCfg = Release|Any CPU
		{F7B8C8CC-D7A3-4E96-B03E-A8ED2C4BBBEB}.Release|Any CPU.Build.0 = Release|Any CPU
		{AC92B3EB-4116-4886-9370-9AF469482B65}.Debug|Any CPU.ActiveCfg = Debug|Any CPU
		{AC92B3EB-4116-4886-9370-9AF469482B65}.Debug|Any CPU.Build.0 = Debug|Any CPU
		{AC92B3EB-4116-4886-9370-9AF469482B65}.Release|Any CPU.ActiveCfg = Release|Any CPU
		{AC92B3EB-4116-4886-9370-9AF469482B65}.Release|Any CPU.Build.0 = Release|Any CPU
		{0C710DAF-4D05-491C-939E-FB44C4A6833C}.Debug|Any CPU.ActiveCfg = Debug|Any CPU
		{0C710DAF-4D05-491C-939E-FB44C4A6833C}.Debug|Any CPU.Build.0 = Debug|Any CPU
		{0C710DAF-4D05-491C-939E-FB44C4A6833C}.Release|Any CPU.ActiveCfg = Release|Any CPU
		{0C710DAF-4D05-491C-939E-FB44C4A6833C}.Release|Any CPU.Build.0 = Release|Any CPU
		{A65A6B85-9C9D-4429-93DF-F9195B1AB81D}.Debug|Any CPU.ActiveCfg = Debug|Any CPU
		{A65A6B85-9C9D-4429-93DF-F9195B1AB81D}.Debug|Any CPU.Build.0 = Debug|Any CPU
		{A65A6B85-9C9D-4429-93DF-F9195B1AB81D}.Release|Any CPU.ActiveCfg = Release|Any CPU
		{A65A6B85-9C9D-4429-93DF-F9195B1AB81D}.Release|Any CPU.Build.0 = Release|Any CPU
		{186296CD-33AB-4D4C-8624-BA2F6F2D0BEF}.Debug|Any CPU.ActiveCfg = Debug|Any CPU
		{186296CD-33AB-4D4C-8624-BA2F6F2D0BEF}.Debug|Any CPU.Build.0 = Debug|Any CPU
		{186296CD-33AB-4D4C-8624-BA2F6F2D0BEF}.Release|Any CPU.ActiveCfg = Release|Any CPU
		{186296CD-33AB-4D4C-8624-BA2F6F2D0BEF}.Release|Any CPU.Build.0 = Release|Any CPU
	EndGlobalSection
	GlobalSection(SolutionProperties) = preSolution
		HideSolutionNode = FALSE
	EndGlobalSection
	GlobalSection(NestedProjects) = preSolution
		{AC032F66-62B4-4026-BBA0-BB6F3A2A9E48} = {5BBE49D6-B5EE-4D19-80A0-8CA9B4AD1CDF}
		{E076ED6C-C9DF-4AC3-9BB8-F4D376CE1053} = {5BBE49D6-B5EE-4D19-80A0-8CA9B4AD1CDF}
		{F7B8C8CC-D7A3-4E96-B03E-A8ED2C4BBBEB} = {5BBE49D6-B5EE-4D19-80A0-8CA9B4AD1CDF}
		{9DCFEBD3-5663-4CF9-9E0E-CD5A361FD936} = {5BBE49D6-B5EE-4D19-80A0-8CA9B4AD1CDF}
		{A65A6B85-9C9D-4429-93DF-F9195B1AB81D} = {5BBE49D6-B5EE-4D19-80A0-8CA9B4AD1CDF}
		{AC92B3EB-4116-4886-9370-9AF469482B65} = {D33AE9CA-CE04-46AB-BE78-558C0E7A592E}
		{0C710DAF-4D05-491C-939E-FB44C4A6833C} = {D33AE9CA-CE04-46AB-BE78-558C0E7A592E}
	EndGlobalSection
EndGlobal
