
Microsoft Visual Studio Solution File, Format Version 12.00
# Visual Studio 2012
Project("{FAE04EC0-301F-11D3-BF4B-00C04F79EFBC}") = "SimpleBank", "SimpleBank\SimpleBank.csproj", "{1F965D32-9E98-4103-A661-51557AA7AA95}"
EndProject
Project("{FAE04EC0-301F-11D3-BF4B-00C04F79EFBC}") = "SimpleBank.Shell", "SimpleBank.Shell\SimpleBank.Shell.csproj", "{191D0D1D-AD13-4CCB-A3E8-DDA1682F8DA3}"
EndProject
Project("{FAE04EC0-301F-11D3-BF4B-00C04F79EFBC}") = "SimpleBank.ApplicationService", "SimpleBank.ApplicationService\SimpleBank.ApplicationService.csproj", "{D0DAE806-45AF-47DC-BE01-46547A743B7B}"
EndProject
Project("{FAE04EC0-301F-11D3-BF4B-00C04F79EFBC}") = "SimpleBank.Messages", "SimpleBank.Messages\SimpleBank.Messages.csproj", "{D464A52D-A614-43E8-BDFA-E7A27FF93C41}"
EndProject
Project("{FAE04EC0-301F-11D3-BF4B-00C04F79EFBC}") = "SimpleBank.DataModel", "SimpleBank.DataModel\SimpleBank.DataModel.csproj", "{8A8CD66D-5EF2-47F5-A68B-F6F073B0A1A4}"
EndProject
Project("{2150E333-8FDC-42A3-9474-1A3956D46DE8}") = ".nuget", ".nuget", "{1354BF3E-3EE6-4509-8934-8D5B9738C696}"
	ProjectSection(SolutionItems) = preProject
		.nuget\NuGet.Config = .nuget\NuGet.Config
		.nuget\NuGet.exe = .nuget\NuGet.exe
		.nuget\NuGet.targets = .nuget\NuGet.targets
	EndProjectSection
EndProject
Global
	GlobalSection(SolutionConfigurationPlatforms) = preSolution
		Debug|Any CPU = Debug|Any CPU
		Release|Any CPU = Release|Any CPU
	EndGlobalSection
	GlobalSection(ProjectConfigurationPlatforms) = postSolution
		{1F965D32-9E98-4103-A661-51557AA7AA95}.Debug|Any CPU.ActiveCfg = Debug|Any CPU
		{1F965D32-9E98-4103-A661-51557AA7AA95}.Debug|Any CPU.Build.0 = Debug|Any CPU
		{1F965D32-9E98-4103-A661-51557AA7AA95}.Release|Any CPU.ActiveCfg = Release|Any CPU
		{1F965D32-9E98-4103-A661-51557AA7AA95}.Release|Any CPU.Build.0 = Release|Any CPU
		{191D0D1D-AD13-4CCB-A3E8-DDA1682F8DA3}.Debug|Any CPU.ActiveCfg = Debug|Any CPU
		{191D0D1D-AD13-4CCB-A3E8-DDA1682F8DA3}.Debug|Any CPU.Build.0 = Debug|Any CPU
		{191D0D1D-AD13-4CCB-A3E8-DDA1682F8DA3}.Release|Any CPU.ActiveCfg = Release|Any CPU
		{191D0D1D-AD13-4CCB-A3E8-DDA1682F8DA3}.Release|Any CPU.Build.0 = Release|Any CPU
		{D0DAE806-45AF-47DC-BE01-46547A743B7B}.Debug|Any CPU.ActiveCfg = Debug|Any CPU
		{D0DAE806-45AF-47DC-BE01-46547A743B7B}.Debug|Any CPU.Build.0 = Debug|Any CPU
		{D0DAE806-45AF-47DC-BE01-46547A743B7B}.Release|Any CPU.ActiveCfg = Release|Any CPU
		{D0DAE806-45AF-47DC-BE01-46547A743B7B}.Release|Any CPU.Build.0 = Release|Any CPU
		{D464A52D-A614-43E8-BDFA-E7A27FF93C41}.Debug|Any CPU.ActiveCfg = Debug|Any CPU
		{D464A52D-A614-43E8-BDFA-E7A27FF93C41}.Debug|Any CPU.Build.0 = Debug|Any CPU
		{D464A52D-A614-43E8-BDFA-E7A27FF93C41}.Release|Any CPU.ActiveCfg = Release|Any CPU
		{D464A52D-A614-43E8-BDFA-E7A27FF93C41}.Release|Any CPU.Build.0 = Release|Any CPU
		{8A8CD66D-5EF2-47F5-A68B-F6F073B0A1A4}.Debug|Any CPU.ActiveCfg = Debug|Any CPU
		{8A8CD66D-5EF2-47F5-A68B-F6F073B0A1A4}.Debug|Any CPU.Build.0 = Debug|Any CPU
		{8A8CD66D-5EF2-47F5-A68B-F6F073B0A1A4}.Release|Any CPU.ActiveCfg = Release|Any CPU
		{8A8CD66D-5EF2-47F5-A68B-F6F073B0A1A4}.Release|Any CPU.Build.0 = Release|Any CPU
	EndGlobalSection
	GlobalSection(SolutionProperties) = preSolution
		HideSolutionNode = FALSE
	EndGlobalSection
EndGlobal
