
Microsoft Visual Studio Solution File, Format Version 12.00
# Visual Studio 2012
Project("{FAE04EC0-301F-11D3-BF4B-00C04F79EFBC}") = "MyDomain.Shell", "MyDomain.Shell\MyDomain.Shell.csproj", "{B0030A0D-6305-4E68-9EA2-9DE1193AE14C}"
EndProject
Project("{FAE04EC0-301F-11D3-BF4B-00C04F79EFBC}") = "MyDomain", "MyDomain\MyDomain.csproj", "{B541F426-D54C-4371-A3A5-D6FD72325275}"
EndProject
Project("{FAE04EC0-301F-11D3-BF4B-00C04F79EFBC}") = "MyDomain.Domain", "MyDomain.Domain\MyDomain.Domain.csproj", "{354D4B4D-29E9-4D99-9401-EF1965008E7C}"
EndProject
Project("{FAE04EC0-301F-11D3-BF4B-00C04F79EFBC}") = "MyDomain.Infrastructure", "MyDomain.Infrastructure\MyDomain.Infrastructure.csproj", "{87969390-A405-441D-988C-89EA226810DE}"
EndProject
Project("{FAE04EC0-301F-11D3-BF4B-00C04F79EFBC}") = "MyDomain.ApplicationService", "MyDomain.ApplicationService\MyDomain.ApplicationService.csproj", "{14B4014C-2D0D-4C28-9A9B-0929478E022D}"
EndProject
Project("{FAE04EC0-301F-11D3-BF4B-00C04F79EFBC}") = "MyDomain.Persistence.ReadModel", "MyDomain.Persistence.ReadModel\MyDomain.Persistence.ReadModel.csproj", "{6728D706-1BA6-4646-AA4D-1762AAB291D9}"
EndProject
Project("{FAE04EC0-301F-11D3-BF4B-00C04F79EFBC}") = "MyDomain.Infrastructure.EntityFramework", "MyDomain.Infrastructure.EntityFramework\MyDomain.Infrastructure.EntityFramework.csproj", "{832693AA-4998-428A-86D4-E70AEE539034}"
EndProject
Project("{2150E333-8FDC-42A3-9474-1A3956D46DE8}") = ".nuget", ".nuget", "{C9B36F2D-4CC0-4505-A85D-D84F59AB6D22}"
	ProjectSection(SolutionItems) = preProject
		.nuget\NuGet.Config = .nuget\NuGet.Config
		.nuget\NuGet.exe = .nuget\NuGet.exe
		.nuget\NuGet.targets = .nuget\NuGet.targets
	EndProjectSection
EndProject
Project("{FAE04EC0-301F-11D3-BF4B-00C04F79EFBC}") = "MyDomain.DefermentService", "MyDomain.DefermentService\MyDomain.DefermentService.csproj", "{E4F57A36-B0B9-4D42-A391-EB35242F6BF1}"
EndProject
Project("{FAE04EC0-301F-11D3-BF4B-00C04F79EFBC}") = "MyDomain.Producer", "MyDomain.Producer\MyDomain.Producer.csproj", "{2EF73322-39F1-4676-A342-0E8BCFBFA3A2}"
EndProject
Project("{FAE04EC0-301F-11D3-BF4B-00C04F79EFBC}") = "MyDomain.Projections", "MyDomain.Projections\MyDomain.Projections.csproj", "{970ADF69-0F8C-4410-A526-5A14FCA85078}"
EndProject
Global
	GlobalSection(SolutionConfigurationPlatforms) = preSolution
		Debug|Any CPU = Debug|Any CPU
		Release|Any CPU = Release|Any CPU
	EndGlobalSection
	GlobalSection(ProjectConfigurationPlatforms) = postSolution
		{B0030A0D-6305-4E68-9EA2-9DE1193AE14C}.Debug|Any CPU.ActiveCfg = Debug|Any CPU
		{B0030A0D-6305-4E68-9EA2-9DE1193AE14C}.Debug|Any CPU.Build.0 = Debug|Any CPU
		{B0030A0D-6305-4E68-9EA2-9DE1193AE14C}.Release|Any CPU.ActiveCfg = Release|Any CPU
		{B0030A0D-6305-4E68-9EA2-9DE1193AE14C}.Release|Any CPU.Build.0 = Release|Any CPU
		{B541F426-D54C-4371-A3A5-D6FD72325275}.Debug|Any CPU.ActiveCfg = Debug|Any CPU
		{B541F426-D54C-4371-A3A5-D6FD72325275}.Debug|Any CPU.Build.0 = Debug|Any CPU
		{B541F426-D54C-4371-A3A5-D6FD72325275}.Release|Any CPU.ActiveCfg = Release|Any CPU
		{B541F426-D54C-4371-A3A5-D6FD72325275}.Release|Any CPU.Build.0 = Release|Any CPU
		{354D4B4D-29E9-4D99-9401-EF1965008E7C}.Debug|Any CPU.ActiveCfg = Debug|Any CPU
		{354D4B4D-29E9-4D99-9401-EF1965008E7C}.Debug|Any CPU.Build.0 = Debug|Any CPU
		{354D4B4D-29E9-4D99-9401-EF1965008E7C}.Release|Any CPU.ActiveCfg = Release|Any CPU
		{354D4B4D-29E9-4D99-9401-EF1965008E7C}.Release|Any CPU.Build.0 = Release|Any CPU
		{87969390-A405-441D-988C-89EA226810DE}.Debug|Any CPU.ActiveCfg = Debug|Any CPU
		{87969390-A405-441D-988C-89EA226810DE}.Debug|Any CPU.Build.0 = Debug|Any CPU
		{87969390-A405-441D-988C-89EA226810DE}.Release|Any CPU.ActiveCfg = Release|Any CPU
		{87969390-A405-441D-988C-89EA226810DE}.Release|Any CPU.Build.0 = Release|Any CPU
		{14B4014C-2D0D-4C28-9A9B-0929478E022D}.Debug|Any CPU.ActiveCfg = Debug|Any CPU
		{14B4014C-2D0D-4C28-9A9B-0929478E022D}.Debug|Any CPU.Build.0 = Debug|Any CPU
		{14B4014C-2D0D-4C28-9A9B-0929478E022D}.Release|Any CPU.ActiveCfg = Release|Any CPU
		{14B4014C-2D0D-4C28-9A9B-0929478E022D}.Release|Any CPU.Build.0 = Release|Any CPU
		{6728D706-1BA6-4646-AA4D-1762AAB291D9}.Debug|Any CPU.ActiveCfg = Debug|Any CPU
		{6728D706-1BA6-4646-AA4D-1762AAB291D9}.Debug|Any CPU.Build.0 = Debug|Any CPU
		{6728D706-1BA6-4646-AA4D-1762AAB291D9}.Release|Any CPU.ActiveCfg = Release|Any CPU
		{6728D706-1BA6-4646-AA4D-1762AAB291D9}.Release|Any CPU.Build.0 = Release|Any CPU
		{832693AA-4998-428A-86D4-E70AEE539034}.Debug|Any CPU.ActiveCfg = Debug|Any CPU
		{832693AA-4998-428A-86D4-E70AEE539034}.Debug|Any CPU.Build.0 = Debug|Any CPU
		{832693AA-4998-428A-86D4-E70AEE539034}.Release|Any CPU.ActiveCfg = Release|Any CPU
		{832693AA-4998-428A-86D4-E70AEE539034}.Release|Any CPU.Build.0 = Release|Any CPU
		{E4F57A36-B0B9-4D42-A391-EB35242F6BF1}.Debug|Any CPU.ActiveCfg = Debug|Any CPU
		{E4F57A36-B0B9-4D42-A391-EB35242F6BF1}.Debug|Any CPU.Build.0 = Debug|Any CPU
		{E4F57A36-B0B9-4D42-A391-EB35242F6BF1}.Release|Any CPU.ActiveCfg = Release|Any CPU
		{E4F57A36-B0B9-4D42-A391-EB35242F6BF1}.Release|Any CPU.Build.0 = Release|Any CPU
		{2EF73322-39F1-4676-A342-0E8BCFBFA3A2}.Debug|Any CPU.ActiveCfg = Debug|Any CPU
		{2EF73322-39F1-4676-A342-0E8BCFBFA3A2}.Debug|Any CPU.Build.0 = Debug|Any CPU
		{2EF73322-39F1-4676-A342-0E8BCFBFA3A2}.Release|Any CPU.ActiveCfg = Release|Any CPU
		{2EF73322-39F1-4676-A342-0E8BCFBFA3A2}.Release|Any CPU.Build.0 = Release|Any CPU
		{970ADF69-0F8C-4410-A526-5A14FCA85078}.Debug|Any CPU.ActiveCfg = Debug|Any CPU
		{970ADF69-0F8C-4410-A526-5A14FCA85078}.Debug|Any CPU.Build.0 = Debug|Any CPU
		{970ADF69-0F8C-4410-A526-5A14FCA85078}.Release|Any CPU.ActiveCfg = Release|Any CPU
		{970ADF69-0F8C-4410-A526-5A14FCA85078}.Release|Any CPU.Build.0 = Release|Any CPU
	EndGlobalSection
	GlobalSection(SolutionProperties) = preSolution
		HideSolutionNode = FALSE
	EndGlobalSection
EndGlobal
