
Microsoft Visual Studio Solution File, Format Version 12.00
# Visual Studio 2012
Project("{FAE04EC0-301F-11D3-BF4B-00C04F79EFBC}") = "EventDriven", "EventDriven\EventDriven.csproj", "{4BA9065B-E949-40A9-8A86-E3F80EE59B66}"
EndProject
Project("{FAE04EC0-301F-11D3-BF4B-00C04F79EFBC}") = "EventDriven.Shell", "EventDriven.Shell\EventDriven.Shell.csproj", "{D222B7A8-706B-4A6F-A032-C3300C6052D0}"
EndProject
Global
	GlobalSection(SolutionConfigurationPlatforms) = preSolution
		Debug|Any CPU = Debug|Any CPU
		Release|Any CPU = Release|Any CPU
	EndGlobalSection
	GlobalSection(ProjectConfigurationPlatforms) = postSolution
		{4BA9065B-E949-40A9-8A86-E3F80EE59B66}.Debug|Any CPU.ActiveCfg = Debug|Any CPU
		{4BA9065B-E949-40A9-8A86-E3F80EE59B66}.Debug|Any CPU.Build.0 = Debug|Any CPU
		{4BA9065B-E949-40A9-8A86-E3F80EE59B66}.Release|Any CPU.ActiveCfg = Release|Any CPU
		{4BA9065B-E949-40A9-8A86-E3F80EE59B66}.Release|Any CPU.Build.0 = Release|Any CPU
		{D222B7A8-706B-4A6F-A032-C3300C6052D0}.Debug|Any CPU.ActiveCfg = Debug|Any CPU
		{D222B7A8-706B-4A6F-A032-C3300C6052D0}.Debug|Any CPU.Build.0 = Debug|Any CPU
		{D222B7A8-706B-4A6F-A032-C3300C6052D0}.Release|Any CPU.ActiveCfg = Release|Any CPU
		{D222B7A8-706B-4A6F-A032-C3300C6052D0}.Release|Any CPU.Build.0 = Release|Any CPU
	EndGlobalSection
	GlobalSection(SolutionProperties) = preSolution
		HideSolutionNode = FALSE
	EndGlobalSection
EndGlobal
